Microsoft Visual Studio Solution File, Format Version 11.00
# Visual C++ Express 2010
Project("{8BC9CEB8-8B4A-11D0-8D11-00A0C91BC942}") = "libsendcmd_i2c-f3", "libsendcmd_i2c-f3.vcxproj", "{9944AC47-A424-4C29-A218-B828CB9B2FAB}"
EndProject
Global
	GlobalSection(SolutionConfigurationPlatforms) = preSolution
		Debug|Win32 = Debug|Win32
		Release|Win32 = Release|Win32
	EndGlobalSection
	GlobalSection(ProjectConfigurationPlatforms) = postSolution
		{9944AC47-A424-4C29-A218-B828CB9B2FAB}.Debug|Win32.ActiveCfg = Debug|Win32
		{9944AC47-A424-4C29-A218-B828CB9B2FAB}.Debug|Win32.Build.0 = Debug|Win32
		{9944AC47-A424-4C29-A218-B828CB9B2FAB}.Release|Win32.ActiveCfg = Release|Win32
		{9944AC47-A424-4C29-A218-B828CB9B2FAB}.Release|Win32.Build.0 = Release|Win32
	EndGlobalSection
	GlobalSection(SolutionProperties) = preSolution
		HideSolutionNode = FALSE
	EndGlobalSection
EndGlobal
