
Microsoft Visual Studio Solution File, Format Version 11.00
# Visual Studio 2010
Project("{8BC9CEB8-8B4A-11D0-8D11-00A0C91BC942}") = "libbg_upgrade", "libbg_upgrade.vcxproj", "{2D49CDC1-27E6-4DB4-858D-0912D213396B}"
EndProject
Global
	GlobalSection(SolutionConfigurationPlatforms) = preSolution
		Debug|Win32 = Debug|Win32
		Release|Win32 = Release|Win32
	EndGlobalSection
	GlobalSection(ProjectConfigurationPlatforms) = postSolution
		{2D49CDC1-27E6-4DB4-858D-0912D213396B}.Debug|Win32.ActiveCfg = Debug|Win32
		{2D49CDC1-27E6-4DB4-858D-0912D213396B}.Debug|Win32.Build.0 = Debug|Win32
		{2D49CDC1-27E6-4DB4-858D-0912D213396B}.Release|Win32.ActiveCfg = Release|Win32
		{2D49CDC1-27E6-4DB4-858D-0912D213396B}.Release|Win32.Build.0 = Release|Win32
	EndGlobalSection
	GlobalSection(SolutionProperties) = preSolution
		HideSolutionNode = FALSE
	EndGlobalSection
EndGlobal
